
Microsoft Visual Studio Solution File, Format Version 12.00
# Visual Studio Version 16
VisualStudioVersion = 16.0.31702.278
MinimumVisualStudioVersion = 10.0.40219.1
Project("{FAE04EC0-301F-11D3-BF4B-00C04F79EFBC}") = "AdaYazilim", "AdaYazilim.csproj", "{7F0A8338-77D4-4324-AF31-3A06A318306A}"
EndProject
Global
	GlobalSection(SolutionConfigurationPlatforms) = preSolution
		Debug|Any CPU = Debug|Any CPU
		Release|Any CPU = Release|Any CPU
	EndGlobalSection
	GlobalSection(ProjectConfigurationPlatforms) = postSolution
		{7F0A8338-77D4-4324-AF31-3A06A318306A}.Debug|Any CPU.ActiveCfg = Debug|Any CPU
		{7F0A8338-77D4-4324-AF31-3A06A318306A}.Debug|Any CPU.Build.0 = Debug|Any CPU
		{7F0A8338-77D4-4324-AF31-3A06A318306A}.Release|Any CPU.ActiveCfg = Release|Any CPU
		{7F0A8338-77D4-4324-AF31-3A06A318306A}.Release|Any CPU.Build.0 = Release|Any CPU
	EndGlobalSection
	GlobalSection(SolutionProperties) = preSolution
		HideSolutionNode = FALSE
	EndGlobalSection
	GlobalSection(ExtensibilityGlobals) = postSolution
		SolutionGuid = {A21280B5-D1DA-47B6-ADBD-62E24E65B905}
	EndGlobalSection
EndGlobal
